// !$*UTF8*$!
{
	archiveVersion = 1;
	classes = {
	};
	objectVersion = 51;
	objects = {

/* Begin PBXBuildFile section */
		A0AEC6298CD8BB39B780D7EA /* Pods_SimpleGalleryUITests.framework in Frameworks */ = {isa = PBXBuildFile; fileRef = 6300176BEFF7BE0513B38428 /* Pods_SimpleGalleryUITests.framework */; };
		BE8ECDEA6BABCFD668ACCFF8 /* Pods_SimpleGallery.framework in Frameworks */ = {isa = PBXBuildFile; fileRef = C8C621D9C9EDA89CCC58297C /* Pods_SimpleGallery.framework */; };
		EC9BCE08EC84C0DDE5668925 /* Pods_SimpleGalleryTests.framework in Frameworks */ = {isa = PBXBuildFile; fileRef = 640FFB26BBF8EDFC3AAF2CD4 /* Pods_SimpleGalleryTests.framework */; };
		FF4D5F462303379700FF1D57 /* UserViewModel.swift in Sources */ = {isa = PBXBuildFile; fileRef = FF4D5F452303379700FF1D57 /* UserViewModel.swift */; };
		FF4D5F472303379700FF1D57 /* UserViewModel.swift in Sources */ = {isa = PBXBuildFile; fileRef = FF4D5F452303379700FF1D57 /* UserViewModel.swift */; };
		FF4D5F482303379700FF1D57 /* UserViewModel.swift in Sources */ = {isa = PBXBuildFile; fileRef = FF4D5F452303379700FF1D57 /* UserViewModel.swift */; };
		FF4D5F4A23033BD400FF1D57 /* Session.swift in Sources */ = {isa = PBXBuildFile; fileRef = FF4D5F4923033BD400FF1D57 /* Session.swift */; };
		FF4D5F4B23033BD400FF1D57 /* Session.swift in Sources */ = {isa = PBXBuildFile; fileRef = FF4D5F4923033BD400FF1D57 /* Session.swift */; };
		FF4D5F4C23033BD400FF1D57 /* Session.swift in Sources */ = {isa = PBXBuildFile; fileRef = FF4D5F4923033BD400FF1D57 /* Session.swift */; };
		FF4D5F4E2303713900FF1D57 /* LoginViewController.xib in Resources */ = {isa = PBXBuildFile; fileRef = FF4D5F4D2303713900FF1D57 /* LoginViewController.xib */; };
		FF4D5F4F2303713900FF1D57 /* LoginViewController.xib in Resources */ = {isa = PBXBuildFile; fileRef = FF4D5F4D2303713900FF1D57 /* LoginViewController.xib */; };
		FF4D5F502303713900FF1D57 /* LoginViewController.xib in Resources */ = {isa = PBXBuildFile; fileRef = FF4D5F4D2303713900FF1D57 /* LoginViewController.xib */; };
		FF74CE9C2302140900A4AD30 /* NavigatorProtocol.swift in Sources */ = {isa = PBXBuildFile; fileRef = FF74CE9B2302140900A4AD30 /* NavigatorProtocol.swift */; };
		FF74CE9D2302140900A4AD30 /* NavigatorProtocol.swift in Sources */ = {isa = PBXBuildFile; fileRef = FF74CE9B2302140900A4AD30 /* NavigatorProtocol.swift */; };
		FF74CE9E2302140900A4AD30 /* NavigatorProtocol.swift in Sources */ = {isa = PBXBuildFile; fileRef = FF74CE9B2302140900A4AD30 /* NavigatorProtocol.swift */; };
		FF74CEA02302147700A4AD30 /* Navigator.swift in Sources */ = {isa = PBXBuildFile; fileRef = FF74CE9F2302147700A4AD30 /* Navigator.swift */; };
		FF74CEA12302147700A4AD30 /* Navigator.swift in Sources */ = {isa = PBXBuildFile; fileRef = FF74CE9F2302147700A4AD30 /* Navigator.swift */; };
		FF74CEA22302147700A4AD30 /* Navigator.swift in Sources */ = {isa = PBXBuildFile; fileRef = FF74CE9F2302147700A4AD30 /* Navigator.swift */; };
		FF74CEA52302157500A4AD30 /* Image.swift in Sources */ = {isa = PBXBuildFile; fileRef = FF74CEA42302157500A4AD30 /* Image.swift */; };
		FF74CEA62302157500A4AD30 /* Image.swift in Sources */ = {isa = PBXBuildFile; fileRef = FF74CEA42302157500A4AD30 /* Image.swift */; };
		FF74CEA72302157500A4AD30 /* Image.swift in Sources */ = {isa = PBXBuildFile; fileRef = FF74CEA42302157500A4AD30 /* Image.swift */; };
		FF74CEA92302169500A4AD30 /* ImageDetailViewController.swift in Sources */ = {isa = PBXBuildFile; fileRef = FF74CEA82302169500A4AD30 /* ImageDetailViewController.swift */; };
		FF74CEAA2302169500A4AD30 /* ImageDetailViewController.swift in Sources */ = {isa = PBXBuildFile; fileRef = FF74CEA82302169500A4AD30 /* ImageDetailViewController.swift */; };
		FF74CEAB2302169500A4AD30 /* ImageDetailViewController.swift in Sources */ = {isa = PBXBuildFile; fileRef = FF74CEA82302169500A4AD30 /* ImageDetailViewController.swift */; };
		FF74CEAD230235D900A4AD30 /* ImagePickerViewController.swift in Sources */ = {isa = PBXBuildFile; fileRef = FF74CEAC230235D900A4AD30 /* ImagePickerViewController.swift */; };
		FF74CEAE230235D900A4AD30 /* ImagePickerViewController.swift in Sources */ = {isa = PBXBuildFile; fileRef = FF74CEAC230235D900A4AD30 /* ImagePickerViewController.swift */; };
		FF74CEAF230235D900A4AD30 /* ImagePickerViewController.swift in Sources */ = {isa = PBXBuildFile; fileRef = FF74CEAC230235D900A4AD30 /* ImagePickerViewController.swift */; };
		FF74CEB22302375700A4AD30 /* ImageViewModel.swift in Sources */ = {isa = PBXBuildFile; fileRef = FF74CEB12302375700A4AD30 /* ImageViewModel.swift */; };
		FF74CEB32302375700A4AD30 /* ImageViewModel.swift in Sources */ = {isa = PBXBuildFile; fileRef = FF74CEB12302375700A4AD30 /* ImageViewModel.swift */; };
		FF74CEB42302375700A4AD30 /* ImageViewModel.swift in Sources */ = {isa = PBXBuildFile; fileRef = FF74CEB12302375700A4AD30 /* ImageViewModel.swift */; };
		FF9591782302FD5800381EC1 /* ImagesViewModel.swift in Sources */ = {isa = PBXBuildFile; fileRef = FF9591772302FD5800381EC1 /* ImagesViewModel.swift */; };
		FF9591792302FD5800381EC1 /* ImagesViewModel.swift in Sources */ = {isa = PBXBuildFile; fileRef = FF9591772302FD5800381EC1 /* ImagesViewModel.swift */; };
		FF95917A2302FD5800381EC1 /* ImagesViewModel.swift in Sources */ = {isa = PBXBuildFile; fileRef = FF9591772302FD5800381EC1 /* ImagesViewModel.swift */; };
		FF95917C23030BB000381EC1 /* Bindable.swift in Sources */ = {isa = PBXBuildFile; fileRef = FF95917B23030BB000381EC1 /* Bindable.swift */; };
		FF95917D23030BB000381EC1 /* Bindable.swift in Sources */ = {isa = PBXBuildFile; fileRef = FF95917B23030BB000381EC1 /* Bindable.swift */; };
		FF95917E23030BB000381EC1 /* Bindable.swift in Sources */ = {isa = PBXBuildFile; fileRef = FF95917B23030BB000381EC1 /* Bindable.swift */; };
		FF9591802303355000381EC1 /* User.swift in Sources */ = {isa = PBXBuildFile; fileRef = FF95917F2303355000381EC1 /* User.swift */; };
		FF9591812303355000381EC1 /* User.swift in Sources */ = {isa = PBXBuildFile; fileRef = FF95917F2303355000381EC1 /* User.swift */; };
		FF9591822303355000381EC1 /* User.swift in Sources */ = {isa = PBXBuildFile; fileRef = FF95917F2303355000381EC1 /* User.swift */; };
		FFB062B82301EE0500FAD1DF /* AppDelegate.swift in Sources */ = {isa = PBXBuildFile; fileRef = FFB062B72301EE0500FAD1DF /* AppDelegate.swift */; };
		FFB062BF2301EE0600FAD1DF /* Assets.xcassets in Resources */ = {isa = PBXBuildFile; fileRef = FFB062BE2301EE0600FAD1DF /* Assets.xcassets */; };
		FFB062C22301EE0600FAD1DF /* LaunchScreen.storyboard in Resources */ = {isa = PBXBuildFile; fileRef = FFB062C02301EE0600FAD1DF /* LaunchScreen.storyboard */; };
		FFB062CD2301EE0600FAD1DF /* SimpleGalleryTests.swift in Sources */ = {isa = PBXBuildFile; fileRef = FFB062CC2301EE0600FAD1DF /* SimpleGalleryTests.swift */; };
		FFB062D82301EE0600FAD1DF /* SimpleGalleryUITests.swift in Sources */ = {isa = PBXBuildFile; fileRef = FFB062D72301EE0600FAD1DF /* SimpleGalleryUITests.swift */; };
		FFB062E72301FBAC00FAD1DF /* LoginViewController.swift in Sources */ = {isa = PBXBuildFile; fileRef = FFB062E62301FBAC00FAD1DF /* LoginViewController.swift */; };
		FFB062E82301FBAC00FAD1DF /* LoginViewController.swift in Sources */ = {isa = PBXBuildFile; fileRef = FFB062E62301FBAC00FAD1DF /* LoginViewController.swift */; };
		FFB062E92301FBAC00FAD1DF /* LoginViewController.swift in Sources */ = {isa = PBXBuildFile; fileRef = FFB062E62301FBAC00FAD1DF /* LoginViewController.swift */; };
		FFB062EB2301FC6100FAD1DF /* GalleryViewController.swift in Sources */ = {isa = PBXBuildFile; fileRef = FFB062EA2301FC6100FAD1DF /* GalleryViewController.swift */; };
		FFB062EC2301FC6100FAD1DF /* GalleryViewController.swift in Sources */ = {isa = PBXBuildFile; fileRef = FFB062EA2301FC6100FAD1DF /* GalleryViewController.swift */; };
		FFB062ED2301FC6100FAD1DF /* GalleryViewController.swift in Sources */ = {isa = PBXBuildFile; fileRef = FFB062EA2301FC6100FAD1DF /* GalleryViewController.swift */; };
		FFDF5A222304E2FA0051DB53 /* GoogleService-Info.plist in Resources */ = {isa = PBXBuildFile; fileRef = FFDF5A212304E2FA0051DB53 /* GoogleService-Info.plist */; };
		FFEE85A623044B65000CA5A0 /* GalleryViewController.xib in Resources */ = {isa = PBXBuildFile; fileRef = FFEE85A523044B65000CA5A0 /* GalleryViewController.xib */; };
		FFEE85A723044B65000CA5A0 /* GalleryViewController.xib in Resources */ = {isa = PBXBuildFile; fileRef = FFEE85A523044B65000CA5A0 /* GalleryViewController.xib */; };
		FFEE85A823044B65000CA5A0 /* GalleryViewController.xib in Resources */ = {isa = PBXBuildFile; fileRef = FFEE85A523044B65000CA5A0 /* GalleryViewController.xib */; };
		FFEE85AF230453F3000CA5A0 /* ImageUploader.swift in Sources */ = {isa = PBXBuildFile; fileRef = FFEE85AE230453F3000CA5A0 /* ImageUploader.swift */; };
		FFEE85B0230453F3000CA5A0 /* ImageUploader.swift in Sources */ = {isa = PBXBuildFile; fileRef = FFEE85AE230453F3000CA5A0 /* ImageUploader.swift */; };
		FFEE85B1230453F3000CA5A0 /* ImageUploader.swift in Sources */ = {isa = PBXBuildFile; fileRef = FFEE85AE230453F3000CA5A0 /* ImageUploader.swift */; };
		FFEE85B323048883000CA5A0 /* FileStorage.swift in Sources */ = {isa = PBXBuildFile; fileRef = FFEE85B223048883000CA5A0 /* FileStorage.swift */; };
		FFEE85B423048883000CA5A0 /* FileStorage.swift in Sources */ = {isa = PBXBuildFile; fileRef = FFEE85B223048883000CA5A0 /* FileStorage.swift */; };
		FFEE85B523048883000CA5A0 /* FileStorage.swift in Sources */ = {isa = PBXBuildFile; fileRef = FFEE85B223048883000CA5A0 /* FileStorage.swift */; };
/* End PBXBuildFile section */

/* Begin PBXContainerItemProxy section */
		FFB062C92301EE0600FAD1DF /* PBXContainerItemProxy */ = {
			isa = PBXContainerItemProxy;
			containerPortal = FFB062AC2301EE0500FAD1DF /* Project object */;
			proxyType = 1;
			remoteGlobalIDString = FFB062B32301EE0500FAD1DF;
			remoteInfo = SimpleGallery;
		};
		FFB062D42301EE0600FAD1DF /* PBXContainerItemProxy */ = {
			isa = PBXContainerItemProxy;
			containerPortal = FFB062AC2301EE0500FAD1DF /* Project object */;
			proxyType = 1;
			remoteGlobalIDString = FFB062B32301EE0500FAD1DF;
			remoteInfo = SimpleGallery;
		};
/* End PBXContainerItemProxy section */

/* Begin PBXFileReference section */
		324E14FD198E8218043EFDCB /* Pods-SimpleGalleryUITests.debug.xcconfig */ = {isa = PBXFileReference; includeInIndex = 1; lastKnownFileType = text.xcconfig; name = "Pods-SimpleGalleryUITests.debug.xcconfig"; path = "Target Support Files/Pods-SimpleGalleryUITests/Pods-SimpleGalleryUITests.debug.xcconfig"; sourceTree = "<group>"; };
		3265B9AEA8D2F09C22D9D637 /* Pods-SimpleGallery.release.xcconfig */ = {isa = PBXFileReference; includeInIndex = 1; lastKnownFileType = text.xcconfig; name = "Pods-SimpleGallery.release.xcconfig"; path = "Target Support Files/Pods-SimpleGallery/Pods-SimpleGallery.release.xcconfig"; sourceTree = "<group>"; };
		4076033A98E273F58225B269 /* Pods-SimpleGalleryTests.release.xcconfig */ = {isa = PBXFileReference; includeInIndex = 1; lastKnownFileType = text.xcconfig; name = "Pods-SimpleGalleryTests.release.xcconfig"; path = "Target Support Files/Pods-SimpleGalleryTests/Pods-SimpleGalleryTests.release.xcconfig"; sourceTree = "<group>"; };
		6300176BEFF7BE0513B38428 /* Pods_SimpleGalleryUITests.framework */ = {isa = PBXFileReference; explicitFileType = wrapper.framework; includeInIndex = 0; path = Pods_SimpleGalleryUITests.framework; sourceTree = BUILT_PRODUCTS_DIR; };
		640FFB26BBF8EDFC3AAF2CD4 /* Pods_SimpleGalleryTests.framework */ = {isa = PBXFileReference; explicitFileType = wrapper.framework; includeInIndex = 0; path = Pods_SimpleGalleryTests.framework; sourceTree = BUILT_PRODUCTS_DIR; };
		9C827ED4C0999957F2832E65 /* Pods-SimpleGallery.debug.xcconfig */ = {isa = PBXFileReference; includeInIndex = 1; lastKnownFileType = text.xcconfig; name = "Pods-SimpleGallery.debug.xcconfig"; path = "Target Support Files/Pods-SimpleGallery/Pods-SimpleGallery.debug.xcconfig"; sourceTree = "<group>"; };
		A265C15188F8E2EF2DC7F328 /* Pods-SimpleGalleryUITests.release.xcconfig */ = {isa = PBXFileReference; includeInIndex = 1; lastKnownFileType = text.xcconfig; name = "Pods-SimpleGalleryUITests.release.xcconfig"; path = "Target Support Files/Pods-SimpleGalleryUITests/Pods-SimpleGalleryUITests.release.xcconfig"; sourceTree = "<group>"; };
		C8C621D9C9EDA89CCC58297C /* Pods_SimpleGallery.framework */ = {isa = PBXFileReference; explicitFileType = wrapper.framework; includeInIndex = 0; path = Pods_SimpleGallery.framework; sourceTree = BUILT_PRODUCTS_DIR; };
		DCCBEDEF89F87F7017B87C92 /* Pods-SimpleGalleryTests.debug.xcconfig */ = {isa = PBXFileReference; includeInIndex = 1; lastKnownFileType = text.xcconfig; name = "Pods-SimpleGalleryTests.debug.xcconfig"; path = "Target Support Files/Pods-SimpleGalleryTests/Pods-SimpleGalleryTests.debug.xcconfig"; sourceTree = "<group>"; };
		FF4D5F452303379700FF1D57 /* UserViewModel.swift */ = {isa = PBXFileReference; lastKnownFileType = sourcecode.swift; path = UserViewModel.swift; sourceTree = "<group>"; };
		FF4D5F4923033BD400FF1D57 /* Session.swift */ = {isa = PBXFileReference; lastKnownFileType = sourcecode.swift; path = Session.swift; sourceTree = "<group>"; };
		FF4D5F4D2303713900FF1D57 /* LoginViewController.xib */ = {isa = PBXFileReference; lastKnownFileType = file.xib; path = LoginViewController.xib; sourceTree = "<group>"; };
		FF74CE9B2302140900A4AD30 /* NavigatorProtocol.swift */ = {isa = PBXFileReference; lastKnownFileType = sourcecode.swift; path = NavigatorProtocol.swift; sourceTree = "<group>"; };
		FF74CE9F2302147700A4AD30 /* Navigator.swift */ = {isa = PBXFileReference; lastKnownFileType = sourcecode.swift; path = Navigator.swift; sourceTree = "<group>"; };
		FF74CEA42302157500A4AD30 /* Image.swift */ = {isa = PBXFileReference; lastKnownFileType = sourcecode.swift; path = Image.swift; sourceTree = "<group>"; };
		FF74CEA82302169500A4AD30 /* ImageDetailViewController.swift */ = {isa = PBXFileReference; lastKnownFileType = sourcecode.swift; path = ImageDetailViewController.swift; sourceTree = "<group>"; };
		FF74CEAC230235D900A4AD30 /* ImagePickerViewController.swift */ = {isa = PBXFileReference; lastKnownFileType = sourcecode.swift; path = ImagePickerViewController.swift; sourceTree = "<group>"; };
		FF74CEB12302375700A4AD30 /* ImageViewModel.swift */ = {isa = PBXFileReference; lastKnownFileType = sourcecode.swift; path = ImageViewModel.swift; sourceTree = "<group>"; };
		FF9591772302FD5800381EC1 /* ImagesViewModel.swift */ = {isa = PBXFileReference; lastKnownFileType = sourcecode.swift; path = ImagesViewModel.swift; sourceTree = "<group>"; };
		FF95917B23030BB000381EC1 /* Bindable.swift */ = {isa = PBXFileReference; lastKnownFileType = sourcecode.swift; path = Bindable.swift; sourceTree = "<group>"; };
		FF95917F2303355000381EC1 /* User.swift */ = {isa = PBXFileReference; lastKnownFileType = sourcecode.swift; path = User.swift; sourceTree = "<group>"; };
		FFB062B42301EE0500FAD1DF /* SimpleGallery.app */ = {isa = PBXFileReference; explicitFileType = wrapper.application; includeInIndex = 0; path = SimpleGallery.app; sourceTree = BUILT_PRODUCTS_DIR; };
		FFB062B72301EE0500FAD1DF /* AppDelegate.swift */ = {isa = PBXFileReference; lastKnownFileType = sourcecode.swift; path = AppDelegate.swift; sourceTree = "<group>"; };
		FFB062BE2301EE0600FAD1DF /* Assets.xcassets */ = {isa = PBXFileReference; lastKnownFileType = folder.assetcatalog; path = Assets.xcassets; sourceTree = "<group>"; };
		FFB062C12301EE0600FAD1DF /* Base */ = {isa = PBXFileReference; lastKnownFileType = file.storyboard; name = Base; path = Base.lproj/LaunchScreen.storyboard; sourceTree = "<group>"; };
		FFB062C32301EE0600FAD1DF /* Info.plist */ = {isa = PBXFileReference; lastKnownFileType = text.plist.xml; path = Info.plist; sourceTree = "<group>"; };
		FFB062C82301EE0600FAD1DF /* SimpleGalleryTests.xctest */ = {isa = PBXFileReference; explicitFileType = wrapper.cfbundle; includeInIndex = 0; path = SimpleGalleryTests.xctest; sourceTree = BUILT_PRODUCTS_DIR; };
		FFB062CC2301EE0600FAD1DF /* SimpleGalleryTests.swift */ = {isa = PBXFileReference; lastKnownFileType = sourcecode.swift; path = SimpleGalleryTests.swift; sourceTree = "<group>"; };
		FFB062CE2301EE0600FAD1DF /* Info.plist */ = {isa = PBXFileReference; lastKnownFileType = text.plist.xml; path = Info.plist; sourceTree = "<group>"; };
		FFB062D32301EE0600FAD1DF /* SimpleGalleryUITests.xctest */ = {isa = PBXFileReference; explicitFileType = wrapper.cfbundle; includeInIndex = 0; path = SimpleGalleryUITests.xctest; sourceTree = BUILT_PRODUCTS_DIR; };
		FFB062D72301EE0600FAD1DF /* SimpleGalleryUITests.swift */ = {isa = PBXFileReference; lastKnownFileType = sourcecode.swift; path = SimpleGalleryUITests.swift; sourceTree = "<group>"; };
		FFB062D92301EE0600FAD1DF /* Info.plist */ = {isa = PBXFileReference; lastKnownFileType = text.plist.xml; path = Info.plist; sourceTree = "<group>"; };
		FFB062E62301FBAC00FAD1DF /* LoginViewController.swift */ = {isa = PBXFileReference; lastKnownFileType = sourcecode.swift; path = LoginViewController.swift; sourceTree = "<group>"; };
		FFB062EA2301FC6100FAD1DF /* GalleryViewController.swift */ = {isa = PBXFileReference; lastKnownFileType = sourcecode.swift; path = GalleryViewController.swift; sourceTree = "<group>"; };
		FFDF5A212304E2FA0051DB53 /* GoogleService-Info.plist */ = {isa = PBXFileReference; fileEncoding = 4; lastKnownFileType = text.plist.xml; path = "GoogleService-Info.plist"; sourceTree = "<group>"; };
		FFEE85A523044B65000CA5A0 /* GalleryViewController.xib */ = {isa = PBXFileReference; lastKnownFileType = file.xib; path = GalleryViewController.xib; sourceTree = "<group>"; };
		FFEE85AE230453F3000CA5A0 /* ImageUploader.swift */ = {isa = PBXFileReference; lastKnownFileType = sourcecode.swift; path = ImageUploader.swift; sourceTree = "<group>"; };
		FFEE85B223048883000CA5A0 /* FileStorage.swift */ = {isa = PBXFileReference; lastKnownFileType = sourcecode.swift; path = FileStorage.swift; sourceTree = "<group>"; };
/* End PBXFileReference section */

/* Begin PBXFrameworksBuildPhase section */
		FFB062B12301EE0500FAD1DF /* Frameworks */ = {
			isa = PBXFrameworksBuildPhase;
			buildActionMask = 2147483647;
			files = (
				BE8ECDEA6BABCFD668ACCFF8 /* Pods_SimpleGallery.framework in Frameworks */,
			);
			runOnlyForDeploymentPostprocessing = 0;
		};
		FFB062C52301EE0600FAD1DF /* Frameworks */ = {
			isa = PBXFrameworksBuildPhase;
			buildActionMask = 2147483647;
			files = (
				EC9BCE08EC84C0DDE5668925 /* Pods_SimpleGalleryTests.framework in Frameworks */,
			);
			runOnlyForDeploymentPostprocessing = 0;
		};
		FFB062D02301EE0600FAD1DF /* Frameworks */ = {
			isa = PBXFrameworksBuildPhase;
			buildActionMask = 2147483647;
			files = (
				A0AEC6298CD8BB39B780D7EA /* Pods_SimpleGalleryUITests.framework in Frameworks */,
			);
			runOnlyForDeploymentPostprocessing = 0;
		};
/* End PBXFrameworksBuildPhase section */

/* Begin PBXGroup section */
		B6C1D75C146B8AD806DA7C50 /* Frameworks */ = {
			isa = PBXGroup;
			children = (
				C8C621D9C9EDA89CCC58297C /* Pods_SimpleGallery.framework */,
				640FFB26BBF8EDFC3AAF2CD4 /* Pods_SimpleGalleryTests.framework */,
				6300176BEFF7BE0513B38428 /* Pods_SimpleGalleryUITests.framework */,
			);
			name = Frameworks;
			sourceTree = "<group>";
		};
		DED6D618C751BC6CE6E9639F /* Pods */ = {
			isa = PBXGroup;
			children = (
				9C827ED4C0999957F2832E65 /* Pods-SimpleGallery.debug.xcconfig */,
				3265B9AEA8D2F09C22D9D637 /* Pods-SimpleGallery.release.xcconfig */,
				DCCBEDEF89F87F7017B87C92 /* Pods-SimpleGalleryTests.debug.xcconfig */,
				4076033A98E273F58225B269 /* Pods-SimpleGalleryTests.release.xcconfig */,
				324E14FD198E8218043EFDCB /* Pods-SimpleGalleryUITests.debug.xcconfig */,
				A265C15188F8E2EF2DC7F328 /* Pods-SimpleGalleryUITests.release.xcconfig */,
			);
			path = Pods;
			sourceTree = "<group>";
		};
		FF74CEA32302156400A4AD30 /* Model */ = {
			isa = PBXGroup;
			children = (
				FF74CEA42302157500A4AD30 /* Image.swift */,
				FF95917F2303355000381EC1 /* User.swift */,
			);
			path = Model;
			sourceTree = "<group>";
		};
		FF74CEB0230236FE00A4AD30 /* ViewModel */ = {
			isa = PBXGroup;
			children = (
				FF74CEB12302375700A4AD30 /* ImageViewModel.swift */,
				FF9591772302FD5800381EC1 /* ImagesViewModel.swift */,
				FF95917B23030BB000381EC1 /* Bindable.swift */,
				FF4D5F452303379700FF1D57 /* UserViewModel.swift */,
			);
			path = ViewModel;
			sourceTree = "<group>";
		};
		FF9591832303356900381EC1 /* Session */ = {
			isa = PBXGroup;
			children = (
				FF4D5F4923033BD400FF1D57 /* Session.swift */,
			);
			path = Session;
			sourceTree = "<group>";
		};
		FFB062AB2301EE0500FAD1DF = {
			isa = PBXGroup;
			children = (
				FFB062B62301EE0500FAD1DF /* SimpleGallery */,
				FFB062CB2301EE0600FAD1DF /* SimpleGalleryTests */,
				FFB062D62301EE0600FAD1DF /* SimpleGalleryUITests */,
				FFB062B52301EE0500FAD1DF /* Products */,
				DED6D618C751BC6CE6E9639F /* Pods */,
				B6C1D75C146B8AD806DA7C50 /* Frameworks */,
			);
			sourceTree = "<group>";
		};
		FFB062B52301EE0500FAD1DF /* Products */ = {
			isa = PBXGroup;
			children = (
				FFB062B42301EE0500FAD1DF /* SimpleGallery.app */,
				FFB062C82301EE0600FAD1DF /* SimpleGalleryTests.xctest */,
				FFB062D32301EE0600FAD1DF /* SimpleGalleryUITests.xctest */,
			);
			name = Products;
			sourceTree = "<group>";
		};
		FFB062B62301EE0500FAD1DF /* SimpleGallery */ = {
			isa = PBXGroup;
			children = (
				FFDF5A202304E0500051DB53 /* Credentials */,
				FFEE85A9230452F7000CA5A0 /* Helpers */,
				FF9591832303356900381EC1 /* Session */,
				FF74CEB0230236FE00A4AD30 /* ViewModel */,
				FF74CEA32302156400A4AD30 /* Model */,
				FFB062EE23020ABA00FAD1DF /* Navigator */,
				FFB062E52301FB5D00FAD1DF /* View */,
				FFB062B72301EE0500FAD1DF /* AppDelegate.swift */,
				FFB062BE2301EE0600FAD1DF /* Assets.xcassets */,
				FFB062C02301EE0600FAD1DF /* LaunchScreen.storyboard */,
				FFB062C32301EE0600FAD1DF /* Info.plist */,
			);
			path = SimpleGallery;
			sourceTree = "<group>";
		};
		FFB062CB2301EE0600FAD1DF /* SimpleGalleryTests */ = {
			isa = PBXGroup;
			children = (
				FFB062CC2301EE0600FAD1DF /* SimpleGalleryTests.swift */,
				FFB062CE2301EE0600FAD1DF /* Info.plist */,
			);
			path = SimpleGalleryTests;
			sourceTree = "<group>";
		};
		FFB062D62301EE0600FAD1DF /* SimpleGalleryUITests */ = {
			isa = PBXGroup;
			children = (
				FFB062D72301EE0600FAD1DF /* SimpleGalleryUITests.swift */,
				FFB062D92301EE0600FAD1DF /* Info.plist */,
			);
			path = SimpleGalleryUITests;
			sourceTree = "<group>";
		};
		FFB062E52301FB5D00FAD1DF /* View */ = {
			isa = PBXGroup;
			children = (
				FFB062E62301FBAC00FAD1DF /* LoginViewController.swift */,
				FF4D5F4D2303713900FF1D57 /* LoginViewController.xib */,
				FFB062EA2301FC6100FAD1DF /* GalleryViewController.swift */,
				FF74CEA82302169500A4AD30 /* ImageDetailViewController.swift */,
				FF74CEAC230235D900A4AD30 /* ImagePickerViewController.swift */,
				FFEE85A523044B65000CA5A0 /* GalleryViewController.xib */,
			);
			path = View;
			sourceTree = "<group>";
		};
		FFB062EE23020ABA00FAD1DF /* Navigator */ = {
			isa = PBXGroup;
			children = (
				FF74CE9B2302140900A4AD30 /* NavigatorProtocol.swift */,
				FF74CE9F2302147700A4AD30 /* Navigator.swift */,
			);
			path = Navigator;
			sourceTree = "<group>";
		};
		FFDF5A202304E0500051DB53 /* Credentials */ = {
			isa = PBXGroup;
			children = (
				FFDF5A212304E2FA0051DB53 /* GoogleService-Info.plist */,
			);
			path = Credentials;
			sourceTree = "<group>";
		};
		FFEE85A9230452F7000CA5A0 /* Helpers */ = {
			isa = PBXGroup;
			children = (
				FFEE85AE230453F3000CA5A0 /* ImageUploader.swift */,
				FFEE85B223048883000CA5A0 /* FileStorage.swift */,
			);
			path = Helpers;
			sourceTree = "<group>";
		};
/* End PBXGroup section */

/* Begin PBXNativeTarget section */
		FFB062B32301EE0500FAD1DF /* SimpleGallery */ = {
			isa = PBXNativeTarget;
			buildConfigurationList = FFB062DC2301EE0600FAD1DF /* Build configuration list for PBXNativeTarget "SimpleGallery" */;
			buildPhases = (
				8B6BC9F095927CFFD20FD0F0 /* [CP] Check Pods Manifest.lock */,
				FFB062B02301EE0500FAD1DF /* Sources */,
				FFB062B12301EE0500FAD1DF /* Frameworks */,
				FFB062B22301EE0500FAD1DF /* Resources */,
				EE1E3DE676BB43BFCBC7DC5D /* [CP] Embed Pods Frameworks */,
			);
			buildRules = (
			);
			dependencies = (
			);
			name = SimpleGallery;
			productName = SimpleGallery;
			productReference = FFB062B42301EE0500FAD1DF /* SimpleGallery.app */;
			productType = "com.apple.product-type.application";
		};
		FFB062C72301EE0600FAD1DF /* SimpleGalleryTests */ = {
			isa = PBXNativeTarget;
			buildConfigurationList = FFB062DF2301EE0600FAD1DF /* Build configuration list for PBXNativeTarget "SimpleGalleryTests" */;
			buildPhases = (
				1237AE6544D8E372BE130858 /* [CP] Check Pods Manifest.lock */,
				FFB062C42301EE0600FAD1DF /* Sources */,
				FFB062C52301EE0600FAD1DF /* Frameworks */,
				FFB062C62301EE0600FAD1DF /* Resources */,
			);
			buildRules = (
			);
			dependencies = (
				FFB062CA2301EE0600FAD1DF /* PBXTargetDependency */,
			);
			name = SimpleGalleryTests;
			productName = SimpleGalleryTests;
			productReference = FFB062C82301EE0600FAD1DF /* SimpleGalleryTests.xctest */;
			productType = "com.apple.product-type.bundle.unit-test";
		};
		FFB062D22301EE0600FAD1DF /* SimpleGalleryUITests */ = {
			isa = PBXNativeTarget;
			buildConfigurationList = FFB062E22301EE0600FAD1DF /* Build configuration list for PBXNativeTarget "SimpleGalleryUITests" */;
			buildPhases = (
				026A2BCF7F5928E6D9401EF4 /* [CP] Check Pods Manifest.lock */,
				FFB062CF2301EE0600FAD1DF /* Sources */,
				FFB062D02301EE0600FAD1DF /* Frameworks */,
				FFB062D12301EE0600FAD1DF /* Resources */,
			);
			buildRules = (
			);
			dependencies = (
				FFB062D52301EE0600FAD1DF /* PBXTargetDependency */,
			);
			name = SimpleGalleryUITests;
			productName = SimpleGalleryUITests;
			productReference = FFB062D32301EE0600FAD1DF /* SimpleGalleryUITests.xctest */;
			productType = "com.apple.product-type.bundle.ui-testing";
		};
/* End PBXNativeTarget section */

/* Begin PBXProject section */
		FFB062AC2301EE0500FAD1DF /* Project object */ = {
			isa = PBXProject;
			attributes = {
				LastSwiftUpdateCheck = 1030;
				LastUpgradeCheck = 1030;
				ORGANIZATIONNAME = "Nicolas Vignolo";
				TargetAttributes = {
					FFB062B32301EE0500FAD1DF = {
						CreatedOnToolsVersion = 10.3;
					};
					FFB062C72301EE0600FAD1DF = {
						CreatedOnToolsVersion = 10.3;
						TestTargetID = FFB062B32301EE0500FAD1DF;
					};
					FFB062D22301EE0600FAD1DF = {
						CreatedOnToolsVersion = 10.3;
						TestTargetID = FFB062B32301EE0500FAD1DF;
					};
				};
			};
			buildConfigurationList = FFB062AF2301EE0500FAD1DF /* Build configuration list for PBXProject "SimpleGallery" */;
			compatibilityVersion = "Xcode 9.3";
			developmentRegion = en;
			hasScannedForEncodings = 0;
			knownRegions = (
				en,
				Base,
			);
			mainGroup = FFB062AB2301EE0500FAD1DF;
			productRefGroup = FFB062B52301EE0500FAD1DF /* Products */;
			projectDirPath = "";
			projectRoot = "";
			targets = (
				FFB062B32301EE0500FAD1DF /* SimpleGallery */,
				FFB062C72301EE0600FAD1DF /* SimpleGalleryTests */,
				FFB062D22301EE0600FAD1DF /* SimpleGalleryUITests */,
			);
		};
/* End PBXProject section */

/* Begin PBXResourcesBuildPhase section */
		FFB062B22301EE0500FAD1DF /* Resources */ = {
			isa = PBXResourcesBuildPhase;
			buildActionMask = 2147483647;
			files = (
				FFB062C22301EE0600FAD1DF /* LaunchScreen.storyboard in Resources */,
				FFEE85A623044B65000CA5A0 /* GalleryViewController.xib in Resources */,
				FFDF5A222304E2FA0051DB53 /* GoogleService-Info.plist in Resources */,
				FFB062BF2301EE0600FAD1DF /* Assets.xcassets in Resources */,
				FF4D5F4E2303713900FF1D57 /* LoginViewController.xib in Resources */,
			);
			runOnlyForDeploymentPostprocessing = 0;
		};
		FFB062C62301EE0600FAD1DF /* Resources */ = {
			isa = PBXResourcesBuildPhase;
			buildActionMask = 2147483647;
			files = (
				FF4D5F4F2303713900FF1D57 /* LoginViewController.xib in Resources */,
				FFEE85A723044B65000CA5A0 /* GalleryViewController.xib in Resources */,
			);
			runOnlyForDeploymentPostprocessing = 0;
		};
		FFB062D12301EE0600FAD1DF /* Resources */ = {
			isa = PBXResourcesBuildPhase;
			buildActionMask = 2147483647;
			files = (
				FF4D5F502303713900FF1D57 /* LoginViewController.xib in Resources */,
				FFEE85A823044B65000CA5A0 /* GalleryViewController.xib in Resources */,
			);
			runOnlyForDeploymentPostprocessing = 0;
		};
/* End PBXResourcesBuildPhase section */

/* Begin PBXShellScriptBuildPhase section */
		026A2BCF7F5928E6D9401EF4 /* [CP] Check Pods Manifest.lock */ = {
			isa = PBXShellScriptBuildPhase;
			buildActionMask = 2147483647;
			files = (
			);
			inputFileListPaths = (
			);
			inputPaths = (
				"${PODS_PODFILE_DIR_PATH}/Podfile.lock",
				"${PODS_ROOT}/Manifest.lock",
			);
			name = "[CP] Check Pods Manifest.lock";
			outputFileListPaths = (
			);
			outputPaths = (
				"$(DERIVED_FILE_DIR)/Pods-SimpleGalleryUITests-checkManifestLockResult.txt",
			);
			runOnlyForDeploymentPostprocessing = 0;
			shellPath = /bin/sh;
			shellScript = "diff \"${PODS_PODFILE_DIR_PATH}/Podfile.lock\" \"${PODS_ROOT}/Manifest.lock\" > /dev/null\nif [ $? != 0 ] ; then\n    # print error to STDERR\n    echo \"error: The sandbox is not in sync with the Podfile.lock. Run 'pod install' or update your CocoaPods installation.\" >&2\n    exit 1\nfi\n# This output is used by Xcode 'outputs' to avoid re-running this script phase.\necho \"SUCCESS\" > \"${SCRIPT_OUTPUT_FILE_0}\"\n";
			showEnvVarsInLog = 0;
		};
		1237AE6544D8E372BE130858 /* [CP] Check Pods Manifest.lock */ = {
			isa = PBXShellScriptBuildPhase;
			buildActionMask = 2147483647;
			files = (
			);
			inputFileListPaths = (
			);
			inputPaths = (
				"${PODS_PODFILE_DIR_PATH}/Podfile.lock",
				"${PODS_ROOT}/Manifest.lock",
			);
			name = "[CP] Check Pods Manifest.lock";
			outputFileListPaths = (
			);
			outputPaths = (
				"$(DERIVED_FILE_DIR)/Pods-SimpleGalleryTests-checkManifestLockResult.txt",
			);
			runOnlyForDeploymentPostprocessing = 0;
			shellPath = /bin/sh;
			shellScript = "diff \"${PODS_PODFILE_DIR_PATH}/Podfile.lock\" \"${PODS_ROOT}/Manifest.lock\" > /dev/null\nif [ $? != 0 ] ; then\n    # print error to STDERR\n    echo \"error: The sandbox is not in sync with the Podfile.lock. Run 'pod install' or update your CocoaPods installation.\" >&2\n    exit 1\nfi\n# This output is used by Xcode 'outputs' to avoid re-running this script phase.\necho \"SUCCESS\" > \"${SCRIPT_OUTPUT_FILE_0}\"\n";
			showEnvVarsInLog = 0;
		};
		8B6BC9F095927CFFD20FD0F0 /* [CP] Check Pods Manifest.lock */ = {
			isa = PBXShellScriptBuildPhase;
			buildActionMask = 2147483647;
			files = (
			);
			inputFileListPaths = (
			);
			inputPaths = (
				"${PODS_PODFILE_DIR_PATH}/Podfile.lock",
				"${PODS_ROOT}/Manifest.lock",
			);
			name = "[CP] Check Pods Manifest.lock";
			outputFileListPaths = (
			);
			outputPaths = (
				"$(DERIVED_FILE_DIR)/Pods-SimpleGallery-checkManifestLockResult.txt",
			);
			runOnlyForDeploymentPostprocessing = 0;
			shellPath = /bin/sh;
			shellScript = "diff \"${PODS_PODFILE_DIR_PATH}/Podfile.lock\" \"${PODS_ROOT}/Manifest.lock\" > /dev/null\nif [ $? != 0 ] ; then\n    # print error to STDERR\n    echo \"error: The sandbox is not in sync with the Podfile.lock. Run 'pod install' or update your CocoaPods installation.\" >&2\n    exit 1\nfi\n# This output is used by Xcode 'outputs' to avoid re-running this script phase.\necho \"SUCCESS\" > \"${SCRIPT_OUTPUT_FILE_0}\"\n";
			showEnvVarsInLog = 0;
		};
		EE1E3DE676BB43BFCBC7DC5D /* [CP] Embed Pods Frameworks */ = {
			isa = PBXShellScriptBuildPhase;
			buildActionMask = 2147483647;
			files = (
			);
			inputFileListPaths = (
				"${PODS_ROOT}/Target Support Files/Pods-SimpleGallery/Pods-SimpleGallery-frameworks-${CONFIGURATION}-input-files.xcfilelist",
			);
			name = "[CP] Embed Pods Frameworks";
			outputFileListPaths = (
				"${PODS_ROOT}/Target Support Files/Pods-SimpleGallery/Pods-SimpleGallery-frameworks-${CONFIGURATION}-output-files.xcfilelist",
			);
			runOnlyForDeploymentPostprocessing = 0;
			shellPath = /bin/sh;
			shellScript = "\"${PODS_ROOT}/Target Support Files/Pods-SimpleGallery/Pods-SimpleGallery-frameworks.sh\"\n";
			showEnvVarsInLog = 0;
		};
/* End PBXShellScriptBuildPhase section */

/* Begin PBXSourcesBuildPhase section */
		FFB062B02301EE0500FAD1DF /* Sources */ = {
			isa = PBXSourcesBuildPhase;
			buildActionMask = 2147483647;
			files = (
				FF74CEA52302157500A4AD30 /* Image.swift in Sources */,
				FFB062E72301FBAC00FAD1DF /* LoginViewController.swift in Sources */,
				FF74CEAD230235D900A4AD30 /* ImagePickerViewController.swift in Sources */,
				FF74CEB22302375700A4AD30 /* ImageViewModel.swift in Sources */,
				FF95917C23030BB000381EC1 /* Bindable.swift in Sources */,
				FF4D5F4A23033BD400FF1D57 /* Session.swift in Sources */,
				FF4D5F462303379700FF1D57 /* UserViewModel.swift in Sources */,
				FF74CE9C2302140900A4AD30 /* NavigatorProtocol.swift in Sources */,
				FF74CEA02302147700A4AD30 /* Navigator.swift in Sources */,
				FFB062EB2301FC6100FAD1DF /* GalleryViewController.swift in Sources */,
				FF9591802303355000381EC1 /* User.swift in Sources */,
				FF74CEA92302169500A4AD30 /* ImageDetailViewController.swift in Sources */,
				FFEE85AF230453F3000CA5A0 /* ImageUploader.swift in Sources */,
				FFEE85B323048883000CA5A0 /* FileStorage.swift in Sources */,
				FF9591782302FD5800381EC1 /* ImagesViewModel.swift in Sources */,
				FFB062B82301EE0500FAD1DF /* AppDelegate.swift in Sources */,
			);
			runOnlyForDeploymentPostprocessing = 0;
		};
		FFB062C42301EE0600FAD1DF /* Sources */ = {
			isa = PBXSourcesBuildPhase;
			buildActionMask = 2147483647;
			files = (
				FF74CEA12302147700A4AD30 /* Navigator.swift in Sources */,
				FF74CEA62302157500A4AD30 /* Image.swift in Sources */,
				FF74CEAE230235D900A4AD30 /* ImagePickerViewController.swift in Sources */,
				FF74CEB32302375700A4AD30 /* ImageViewModel.swift in Sources */,
				FF95917D23030BB000381EC1 /* Bindable.swift in Sources */,
				FF4D5F4B23033BD400FF1D57 /* Session.swift in Sources */,
				FF4D5F472303379700FF1D57 /* UserViewModel.swift in Sources */,
				FF74CEAA2302169500A4AD30 /* ImageDetailViewController.swift in Sources */,
				FFB062EC2301FC6100FAD1DF /* GalleryViewController.swift in Sources */,
				FF74CE9D2302140900A4AD30 /* NavigatorProtocol.swift in Sources */,
				FF9591812303355000381EC1 /* User.swift in Sources */,
				FFB062E82301FBAC00FAD1DF /* LoginViewController.swift in Sources */,
				FFEE85B0230453F3000CA5A0 /* ImageUploader.swift in Sources */,
				FFEE85B423048883000CA5A0 /* FileStorage.swift in Sources */,
				FF9591792302FD5800381EC1 /* ImagesViewModel.swift in Sources */,
				FFB062CD2301EE0600FAD1DF /* SimpleGalleryTests.swift in Sources */,
			);
			runOnlyForDeploymentPostprocessing = 0;
		};
		FFB062CF2301EE0600FAD1DF /* Sources */ = {
			isa = PBXSourcesBuildPhase;
			buildActionMask = 2147483647;
			files = (
				FF74CEA22302147700A4AD30 /* Navigator.swift in Sources */,
				FF74CEA72302157500A4AD30 /* Image.swift in Sources */,
				FF74CEAF230235D900A4AD30 /* ImagePickerViewController.swift in Sources */,
				FF74CEB42302375700A4AD30 /* ImageViewModel.swift in Sources */,
				FF95917E23030BB000381EC1 /* Bindable.swift in Sources */,
				FF4D5F4C23033BD400FF1D57 /* Session.swift in Sources */,
				FF4D5F482303379700FF1D57 /* UserViewModel.swift in Sources */,
				FF74CEAB2302169500A4AD30 /* ImageDetailViewController.swift in Sources */,
				FFB062ED2301FC6100FAD1DF /* GalleryViewController.swift in Sources */,
				FF74CE9E2302140900A4AD30 /* NavigatorProtocol.swift in Sources */,
				FF9591822303355000381EC1 /* User.swift in Sources */,
				FFB062E92301FBAC00FAD1DF /* LoginViewController.swift in Sources */,
				FFEE85B1230453F3000CA5A0 /* ImageUploader.swift in Sources */,
				FFEE85B523048883000CA5A0 /* FileStorage.swift in Sources */,
				FF95917A2302FD5800381EC1 /* ImagesViewModel.swift in Sources */,
				FFB062D82301EE0600FAD1DF /* SimpleGalleryUITests.swift in Sources */,
			);
			runOnlyForDeploymentPostprocessing = 0;
		};
/* End PBXSourcesBuildPhase section */

/* Begin PBXTargetDependency section */
		FFB062CA2301EE0600FAD1DF /* PBXTargetDependency */ = {
			isa = PBXTargetDependency;
			target = FFB062B32301EE0500FAD1DF /* SimpleGallery */;
			targetProxy = FFB062C92301EE0600FAD1DF /* PBXContainerItemProxy */;
		};
		FFB062D52301EE0600FAD1DF /* PBXTargetDependency */ = {
			isa = PBXTargetDependency;
			target = FFB062B32301EE0500FAD1DF /* SimpleGallery */;
			targetProxy = FFB062D42301EE0600FAD1DF /* PBXContainerItemProxy */;
		};
/* End PBXTargetDependency section */

/* Begin PBXVariantGroup section */
		FFB062C02301EE0600FAD1DF /* LaunchScreen.storyboard */ = {
			isa = PBXVariantGroup;
			children = (
				FFB062C12301EE0600FAD1DF /* Base */,
			);
			name = LaunchScreen.storyboard;
			sourceTree = "<group>";
		};
/* End PBXVariantGroup section */

/* Begin XCBuildConfiguration section */
		FFB062DA2301EE0600FAD1DF /* Debug */ = {
			isa = XCBuildConfiguration;
			buildSettings = {
				ALWAYS_SEARCH_USER_PATHS = NO;
				CLANG_ANALYZER_NONNULL = YES;
				CLANG_ANALYZER_NUMBER_OBJECT_CONVERSION = YES_AGGRESSIVE;
				CLANG_CXX_LANGUAGE_STANDARD = "gnu++14";
				CLANG_CXX_LIBRARY = "libc++";
				CLANG_ENABLE_MODULES = YES;
				CLANG_ENABLE_OBJC_ARC = YES;
				CLANG_ENABLE_OBJC_WEAK = YES;
				CLANG_WARN_BLOCK_CAPTURE_AUTORELEASING = YES;
				CLANG_WARN_BOOL_CONVERSION = YES;
				CLANG_WARN_COMMA = YES;
				CLANG_WARN_CONSTANT_CONVERSION = YES;
				CLANG_WARN_DEPRECATED_OBJC_IMPLEMENTATIONS = YES;
				CLANG_WARN_DIRECT_OBJC_ISA_USAGE = YES_ERROR;
				CLANG_WARN_DOCUMENTATION_COMMENTS = YES;
				CLANG_WARN_EMPTY_BODY = YES;
				CLANG_WARN_ENUM_CONVERSION = YES;
				CLANG_WARN_INFINITE_RECURSION = YES;
				CLANG_WARN_INT_CONVERSION = YES;
				CLANG_WARN_NON_LITERAL_NULL_CONVERSION = YES;
				CLANG_WARN_OBJC_IMPLICIT_RETAIN_SELF = YES;
				CLANG_WARN_OBJC_LITERAL_CONVERSION = YES;
				CLANG_WARN_OBJC_ROOT_CLASS = YES_ERROR;
				CLANG_WARN_RANGE_LOOP_ANALYSIS = YES;
				CLANG_WARN_STRICT_PROTOTYPES = YES;
				CLANG_WARN_SUSPICIOUS_MOVE = YES;
				CLANG_WARN_UNGUARDED_AVAILABILITY = YES_AGGRESSIVE;
				CLANG_WARN_UNREACHABLE_CODE = YES;
				CLANG_WARN__DUPLICATE_METHOD_MATCH = YES;
				CODE_SIGN_IDENTITY = "iPhone Developer";
				COPY_PHASE_STRIP = NO;
				DEBUG_INFORMATION_FORMAT = dwarf;
				ENABLE_STRICT_OBJC_MSGSEND = YES;
				ENABLE_TESTABILITY = YES;
				GCC_C_LANGUAGE_STANDARD = gnu11;
				GCC_DYNAMIC_NO_PIC = NO;
				GCC_NO_COMMON_BLOCKS = YES;
				GCC_OPTIMIZATION_LEVEL = 0;
				GCC_PREPROCESSOR_DEFINITIONS = (
					"DEBUG=1",
					"$(inherited)",
				);
				GCC_WARN_64_TO_32_BIT_CONVERSION = YES;
				GCC_WARN_ABOUT_RETURN_TYPE = YES_ERROR;
				GCC_WARN_UNDECLARED_SELECTOR = YES;
				GCC_WARN_UNINITIALIZED_AUTOS = YES_AGGRESSIVE;
				GCC_WARN_UNUSED_FUNCTION = YES;
				GCC_WARN_UNUSED_VARIABLE = YES;
				IPHONEOS_DEPLOYMENT_TARGET = 12.4;
				MTL_ENABLE_DEBUG_INFO = INCLUDE_SOURCE;
				MTL_FAST_MATH = YES;
				ONLY_ACTIVE_ARCH = YES;
				SDKROOT = iphoneos;
				SWIFT_ACTIVE_COMPILATION_CONDITIONS = DEBUG;
				SWIFT_OPTIMIZATION_LEVEL = "-Onone";
			};
			name = Debug;
		};
		FFB062DB2301EE0600FAD1DF /* Release */ = {
			isa = XCBuildConfiguration;
			buildSettings = {
				ALWAYS_SEARCH_USER_PATHS = NO;
				CLANG_ANALYZER_NONNULL = YES;
				CLANG_ANALYZER_NUMBER_OBJECT_CONVERSION = YES_AGGRESSIVE;
				CLANG_CXX_LANGUAGE_STANDARD = "gnu++14";
				CLANG_CXX_LIBRARY = "libc++";
				CLANG_ENABLE_MODULES = YES;
				CLANG_ENABLE_OBJC_ARC = YES;
				CLANG_ENABLE_OBJC_WEAK = YES;
				CLANG_WARN_BLOCK_CAPTURE_AUTORELEASING = YES;
				CLANG_WARN_BOOL_CONVERSION = YES;
				CLANG_WARN_COMMA = YES;
				CLANG_WARN_CONSTANT_CONVERSION = YES;
				CLANG_WARN_DEPRECATED_OBJC_IMPLEMENTATIONS = YES;
				CLANG_WARN_DIRECT_OBJC_ISA_USAGE = YES_ERROR;
				CLANG_WARN_DOCUMENTATION_COMMENTS = YES;
				CLANG_WARN_EMPTY_BODY = YES;
				CLANG_WARN_ENUM_CONVERSION = YES;
				CLANG_WARN_INFINITE_RECURSION = YES;
				CLANG_WARN_INT_CONVERSION = YES;
				CLANG_WARN_NON_LITERAL_NULL_CONVERSION = YES;
				CLANG_WARN_OBJC_IMPLICIT_RETAIN_SELF = YES;
				CLANG_WARN_OBJC_LITERAL_CONVERSION = YES;
				CLANG_WARN_OBJC_ROOT_CLASS = YES_ERROR;
				CLANG_WARN_RANGE_LOOP_ANALYSIS = YES;
				CLANG_WARN_STRICT_PROTOTYPES = YES;
				CLANG_WARN_SUSPICIOUS_MOVE = YES;
				CLANG_WARN_UNGUARDED_AVAILABILITY = YES_AGGRESSIVE;
				CLANG_WARN_UNREACHABLE_CODE = YES;
				CLANG_WARN__DUPLICATE_METHOD_MATCH = YES;
				CODE_SIGN_IDENTITY = "iPhone Developer";
				COPY_PHASE_STRIP = NO;
				DEBUG_INFORMATION_FORMAT = "dwarf-with-dsym";
				ENABLE_NS_ASSERTIONS = NO;
				ENABLE_STRICT_OBJC_MSGSEND = YES;
				GCC_C_LANGUAGE_STANDARD = gnu11;
				GCC_NO_COMMON_BLOCKS = YES;
				GCC_WARN_64_TO_32_BIT_CONVERSION = YES;
				GCC_WARN_ABOUT_RETURN_TYPE = YES_ERROR;
				GCC_WARN_UNDECLARED_SELECTOR = YES;
				GCC_WARN_UNINITIALIZED_AUTOS = YES_AGGRESSIVE;
				GCC_WARN_UNUSED_FUNCTION = YES;
				GCC_WARN_UNUSED_VARIABLE = YES;
				IPHONEOS_DEPLOYMENT_TARGET = 12.4;
				MTL_ENABLE_DEBUG_INFO = NO;
				MTL_FAST_MATH = YES;
				SDKROOT = iphoneos;
				SWIFT_COMPILATION_MODE = wholemodule;
				SWIFT_OPTIMIZATION_LEVEL = "-O";
				VALIDATE_PRODUCT = YES;
			};
			name = Release;
		};
		FFB062DD2301EE0600FAD1DF /* Debug */ = {
			isa = XCBuildConfiguration;
			baseConfigurationReference = 9C827ED4C0999957F2832E65 /* Pods-SimpleGallery.debug.xcconfig */;
			buildSettings = {
				ASSETCATALOG_COMPILER_APPICON_NAME = AppIcon;
				CODE_SIGN_STYLE = Automatic;
				DEVELOPMENT_TEAM = 9425Q3J45Y;
				INFOPLIST_FILE = SimpleGallery/Info.plist;
				LD_RUNPATH_SEARCH_PATHS = (
					"$(inherited)",
					"@executable_path/Frameworks",
				);
				PRODUCT_BUNDLE_IDENTIFIER = com.vignolo.SimpleGallery;
				PRODUCT_NAME = "$(TARGET_NAME)";
				SWIFT_VERSION = 5.0;
				TARGETED_DEVICE_FAMILY = "1,2";
			};
			name = Debug;
		};
		FFB062DE2301EE0600FAD1DF /* Release */ = {
			isa = XCBuildConfiguration;
			baseConfigurationReference = 3265B9AEA8D2F09C22D9D637 /* Pods-SimpleGallery.release.xcconfig */;
			buildSettings = {
				ASSETCATALOG_COMPILER_APPICON_NAME = AppIcon;
				CODE_SIGN_STYLE = Automatic;
				DEVELOPMENT_TEAM = 9425Q3J45Y;
				INFOPLIST_FILE = SimpleGallery/Info.plist;
				LD_RUNPATH_SEARCH_PATHS = (
					"$(inherited)",
					"@executable_path/Frameworks",
				);
				PRODUCT_BUNDLE_IDENTIFIER = com.vignolo.SimpleGallery;
				PRODUCT_NAME = "$(TARGET_NAME)";
				SWIFT_VERSION = 5.0;
				TARGETED_DEVICE_FAMILY = "1,2";
			};
			name = Release;
		};
		FFB062E02301EE0600FAD1DF /* Debug */ = {
			isa = XCBuildConfiguration;
			baseConfigurationReference = DCCBEDEF89F87F7017B87C92 /* Pods-SimpleGalleryTests.debug.xcconfig */;
			buildSettings = {
				ALWAYS_EMBED_SWIFT_STANDARD_LIBRARIES = YES;
				BUNDLE_LOADER = "$(TEST_HOST)";
				CODE_SIGN_STYLE = Automatic;
				DEVELOPMENT_TEAM = 9425Q3J45Y;
				INFOPLIST_FILE = SimpleGalleryTests/Info.plist;
				LD_RUNPATH_SEARCH_PATHS = (
					"$(inherited)",
					"@executable_path/Frameworks",
					"@loader_path/Frameworks",
				);
				PRODUCT_BUNDLE_IDENTIFIER = com.vignolo.SimpleGalleryTests;
				PRODUCT_NAME = "$(TARGET_NAME)";
				SWIFT_VERSION = 5.0;
				TARGETED_DEVICE_FAMILY = "1,2";
				TEST_HOST = "$(BUILT_PRODUCTS_DIR)/SimpleGallery.app/SimpleGallery";
			};
			name = Debug;
		};
		FFB062E12301EE0600FAD1DF /* Release */ = {
			isa = XCBuildConfiguration;
			baseConfigurationReference = 4076033A98E273F58225B269 /* Pods-SimpleGalleryTests.release.xcconfig */;
			buildSettings = {
				ALWAYS_EMBED_SWIFT_STANDARD_LIBRARIES = YES;
				BUNDLE_LOADER = "$(TEST_HOST)";
				CODE_SIGN_STYLE = Automatic;
				DEVELOPMENT_TEAM = 9425Q3J45Y;
				INFOPLIST_FILE = SimpleGalleryTests/Info.plist;
				LD_RUNPATH_SEARCH_PATHS = (
					"$(inherited)",
					"@executable_path/Frameworks",
					"@loader_path/Frameworks",
				);
				PRODUCT_BUNDLE_IDENTIFIER = com.vignolo.SimpleGalleryTests;
				PRODUCT_NAME = "$(TARGET_NAME)";
				SWIFT_VERSION = 5.0;
				TARGETED_DEVICE_FAMILY = "1,2";
				TEST_HOST = "$(BUILT_PRODUCTS_DIR)/SimpleGallery.app/SimpleGallery";
			};
			name = Release;
		};
		FFB062E32301EE0600FAD1DF /* Debug */ = {
			isa = XCBuildConfiguration;
			baseConfigurationReference = 324E14FD198E8218043EFDCB /* Pods-SimpleGalleryUITests.debug.xcconfig */;
			buildSettings = {
				ALWAYS_EMBED_SWIFT_STANDARD_LIBRARIES = YES;
				CODE_SIGN_STYLE = Automatic;
				DEVELOPMENT_TEAM = 9425Q3J45Y;
				INFOPLIST_FILE = SimpleGalleryUITests/Info.plist;
				LD_RUNPATH_SEARCH_PATHS = (
					"$(inherited)",
					"@executable_path/Frameworks",
					"@loader_path/Frameworks",
				);
				PRODUCT_BUNDLE_IDENTIFIER = com.vignolo.SimpleGalleryUITests;
				PRODUCT_NAME = "$(TARGET_NAME)";
				SWIFT_VERSION = 5.0;
				TARGETED_DEVICE_FAMILY = "1,2";
				TEST_TARGET_NAME = SimpleGallery;
			};
			name = Debug;
		};
		FFB062E42301EE0600FAD1DF /* Release */ = {
			isa = XCBuildConfiguration;
			baseConfigurationReference = A265C15188F8E2EF2DC7F328 /* Pods-SimpleGalleryUITests.release.xcconfig */;
			buildSettings = {
				ALWAYS_EMBED_SWIFT_STANDARD_LIBRARIES = YES;
				CODE_SIGN_STYLE = Automatic;
				DEVELOPMENT_TEAM = 9425Q3J45Y;
				INFOPLIST_FILE = SimpleGalleryUITests/Info.plist;
				LD_RUNPATH_SEARCH_PATHS = (
					"$(inherited)",
					"@executable_path/Frameworks",
					"@loader_path/Frameworks",
				);
				PRODUCT_BUNDLE_IDENTIFIER = com.vignolo.SimpleGalleryUITests;
				PRODUCT_NAME = "$(TARGET_NAME)";
				SWIFT_VERSION = 5.0;
				TARGETED_DEVICE_FAMILY = "1,2";
				TEST_TARGET_NAME = SimpleGallery;
			};
			name = Release;
		};
/* End XCBuildConfiguration section */

/* Begin XCConfigurationList section */
		FFB062AF2301EE0500FAD1DF /* Build configuration list for PBXProject "SimpleGallery" */ = {
			isa = XCConfigurationList;
			buildConfigurations = (
				FFB062DA2301EE0600FAD1DF /* Debug */,
				FFB062DB2301EE0600FAD1DF /* Release */,
			);
			defaultConfigurationIsVisible = 0;
			defaultConfigurationName = Release;
		};
		FFB062DC2301EE0600FAD1DF /* Build configuration list for PBXNativeTarget "SimpleGallery" */ = {
			isa = XCConfigurationList;
			buildConfigurations = (
				FFB062DD2301EE0600FAD1DF /* Debug */,
				FFB062DE2301EE0600FAD1DF /* Release */,
			);
			defaultConfigurationIsVisible = 0;
			defaultConfigurationName = Release;
		};
		FFB062DF2301EE0600FAD1DF /* Build configuration list for PBXNativeTarget "SimpleGalleryTests" */ = {
			isa = XCConfigurationList;
			buildConfigurations = (
				FFB062E02301EE0600FAD1DF /* Debug */,
				FFB062E12301EE0600FAD1DF /* Release */,
			);
			defaultConfigurationIsVisible = 0;
			defaultConfigurationName = Release;
		};
		FFB062E22301EE0600FAD1DF /* Build configuration list for PBXNativeTarget "SimpleGalleryUITests" */ = {
			isa = XCConfigurationList;
			buildConfigurations = (
				FFB062E32301EE0600FAD1DF /* Debug */,
				FFB062E42301EE0600FAD1DF /* Release */,
			);
			defaultConfigurationIsVisible = 0;
			defaultConfigurationName = Release;
		};
/* End XCConfigurationList section */
	};
	rootObject = FFB062AC2301EE0500FAD1DF /* Project object */;
}
